// !$*UTF8*$!
{
	archiveVersion = 1;
	classes = {
	};
	objectVersion = 77;
	objects = {

/* Begin PBXBuildFile section */
		988EFDDF2F3549A1009C60F5 /* Supabase in Frameworks */ = {isa = PBXBuildFile; productRef = 988EFDDE2F3549A1009C60F5 /* Supabase */; };
		98AA1B602F3C1746000E4755 /* Supabase in Frameworks */ = {isa = PBXBuildFile; productRef = 98AA1B5F2F3C1746000E4755 /* Supabase */; };
/* End PBXBuildFile section */

/* Begin PBXContainerItemProxy section */
		988EFDB82F35489C009C60F5 /* PBXContainerItemProxy */ = {
			isa = PBXContainerItemProxy;
			containerPortal = 988EFDA22F35489B009C60F5 /* Project object */;
			proxyType = 1;
			remoteGlobalIDString = 988EFDA92F35489B009C60F5;
			remoteInfo = TheRecruitingCompass;
		};
		988EFDC22F35489C009C60F5 /* PBXContainerItemProxy */ = {
			isa = PBXContainerItemProxy;
			containerPortal = 988EFDA22F35489B009C60F5 /* Project object */;
			proxyType = 1;
			remoteGlobalIDString = 988EFDA92F35489B009C60F5;
			remoteInfo = TheRecruitingCompass;
		};
/* End PBXContainerItemProxy section */

/* Begin PBXFileReference section */
		988EFDAA2F35489B009C60F5 /* myCompass.app */ = {isa = PBXFileReference; explicitFileType = wrapper.application; includeInIndex = 0; path = myCompass.app; sourceTree = BUILT_PRODUCTS_DIR; };
		988EFDB72F35489C009C60F5 /* TheRecruitingCompassTests.xctest */ = {isa = PBXFileReference; explicitFileType = wrapper.cfbundle; includeInIndex = 0; path = TheRecruitingCompassTests.xctest; sourceTree = BUILT_PRODUCTS_DIR; };
		988EFDC12F35489C009C60F5 /* TheRecruitingCompassUITests.xctest */ = {isa = PBXFileReference; explicitFileType = wrapper.cfbundle; includeInIndex = 0; path = TheRecruitingCompassUITests.xctest; sourceTree = BUILT_PRODUCTS_DIR; };
		98A1B2C32F35489B009C60F5 /* Release.xcconfig */ = {isa = PBXFileReference; lastKnownFileType = text.xcconfig; path = Release.xcconfig; sourceTree = "<group>"; };
/* End PBXFileReference section */

/* Begin PBXFileSystemSynchronizedRootGroup section */
		988EFDAC2F35489B009C60F5 /* TheRecruitingCompass */ = {
			isa = PBXFileSystemSynchronizedRootGroup;
			path = TheRecruitingCompass;
			sourceTree = "<group>";
		};
		988EFDBA2F35489C009C60F5 /* TheRecruitingCompassTests */ = {
			isa = PBXFileSystemSynchronizedRootGroup;
			path = TheRecruitingCompassTests;
			sourceTree = "<group>";
		};
		988EFDC42F35489C009C60F5 /* TheRecruitingCompassUITests */ = {
			isa = PBXFileSystemSynchronizedRootGroup;
			path = TheRecruitingCompassUITests;
			sourceTree = "<group>";
		};
/* End PBXFileSystemSynchronizedRootGroup section */

/* Begin PBXFrameworksBuildPhase section */
		988EFDA72F35489B009C60F5 /* Frameworks */ = {
			isa = PBXFrameworksBuildPhase;
			buildActionMask = 2147483647;
			files = (
				988EFDDF2F3549A1009C60F5 /* Supabase in Frameworks */,
			);
			runOnlyForDeploymentPostprocessing = 0;
		};
		988EFDB42F35489C009C60F5 /* Frameworks */ = {
			isa = PBXFrameworksBuildPhase;
			buildActionMask = 2147483647;
			files = (
			);
			runOnlyForDeploymentPostprocessing = 0;
		};
		988EFDBE2F35489C009C60F5 /* Frameworks */ = {
			isa = PBXFrameworksBuildPhase;
			buildActionMask = 2147483647;
			files = (
				98AA1B602F3C1746000E4755 /* Supabase in Frameworks */,
			);
			runOnlyForDeploymentPostprocessing = 0;
		};
/* End PBXFrameworksBuildPhase section */

/* Begin PBXGroup section */
		0F3CBACB4DEDCB6732DEBAA7 /* Views */ = {
			isa = PBXGroup;
			children = (
			);
			name = Views;
			sourceTree = "<group>";
		};
		81F0FB943A33E3D0B3C302A8 /* Models */ = {
			isa = PBXGroup;
			children = (
			);
			name = Models;
			sourceTree = "<group>";
		};
		93D0D1ABA787F2444D850255 /* Features */ = {
			isa = PBXGroup;
			children = (
				B8B450D2899D344BD89ED8C2 /* Coaches */,
			);
			name = Features;
			sourceTree = "<group>";
		};
		988EFDA12F35489B009C60F5 = {
			isa = PBXGroup;
			children = (
				98A1B2C32F35489B009C60F5 /* Release.xcconfig */,
				988EFDAC2F35489B009C60F5 /* TheRecruitingCompass */,
				988EFDBA2F35489C009C60F5 /* TheRecruitingCompassTests */,
				988EFDC42F35489C009C60F5 /* TheRecruitingCompassUITests */,
				988EFDAB2F35489B009C60F5 /* Products */,
				93D0D1ABA787F2444D850255 /* Features */,
				A070F1818337D3A4B88609FC /* Shared */,
				98AA1B5E2F3C1746000E4755 /* Frameworks */,
			);
			sourceTree = "<group>";
		};
		988EFDAB2F35489B009C60F5 /* Products */ = {
			isa = PBXGroup;
			children = (
				988EFDAA2F35489B009C60F5 /* myCompass.app */,
				988EFDB72F35489C009C60F5 /* TheRecruitingCompassTests.xctest */,
				988EFDC12F35489C009C60F5 /* TheRecruitingCompassUITests.xctest */,
			);
			name = Products;
			sourceTree = "<group>";
		};
		98AA1B5E2F3C1746000E4755 /* Frameworks */ = {
			isa = PBXGroup;
			children = (
			);
			name = Frameworks;
			sourceTree = "<group>";
		};
		9C48C82FFE11856DAFAA93F3 /* ViewModels */ = {
			isa = PBXGroup;
			children = (
			);
			name = ViewModels;
			sourceTree = "<group>";
		};
		A070F1818337D3A4B88609FC /* Shared */ = {
			isa = PBXGroup;
			children = (
				E95A5310F6B2E9B070034E7E /* Components */,
			);
			name = Shared;
			sourceTree = "<group>";
		};
		B8B450D2899D344BD89ED8C2 /* Coaches */ = {
			isa = PBXGroup;
			children = (
				81F0FB943A33E3D0B3C302A8 /* Models */,
				0F3CBACB4DEDCB6732DEBAA7 /* Views */,
				9C48C82FFE11856DAFAA93F3 /* ViewModels */,
			);
			name = Coaches;
			sourceTree = "<group>";
		};
		E95A5310F6B2E9B070034E7E /* Components */ = {
			isa = PBXGroup;
			children = (
			);
			name = Components;
			sourceTree = "<group>";
		};
/* End PBXGroup section */

/* Begin PBXNativeTarget section */
		988EFDA92F35489B009C60F5 /* TheRecruitingCompass */ = {
			isa = PBXNativeTarget;
			buildConfigurationList = 988EFDCB2F35489C009C60F5 /* Build configuration list for PBXNativeTarget "TheRecruitingCompass" */;
			buildPhases = (
				98B3C4D22F3A5101009C60F5 /* Generate Supabase config */,
				988EFDA62F35489B009C60F5 /* Sources */,
				988EFDA72F35489B009C60F5 /* Frameworks */,
				988EFDA82F35489B009C60F5 /* Resources */,
			);
			buildRules = (
			);
			dependencies = (
			);
			fileSystemSynchronizedGroups = (
				988EFDAC2F35489B009C60F5 /* TheRecruitingCompass */,
			);
			name = TheRecruitingCompass;
			packageProductDependencies = (
				988EFDDE2F3549A1009C60F5 /* Supabase */,
			);
			productName = TheRecruitingCompass;
			productReference = 988EFDAA2F35489B009C60F5 /* myCompass.app */;
			productType = "com.apple.product-type.application";
		};
		988EFDB62F35489C009C60F5 /* TheRecruitingCompassTests */ = {
			isa = PBXNativeTarget;
			buildConfigurationList = 988EFDCE2F35489C009C60F5 /* Build configuration list for PBXNativeTarget "TheRecruitingCompassTests" */;
			buildPhases = (
				988EFDB32F35489C009C60F5 /* Sources */,
				988EFDB42F35489C009C60F5 /* Frameworks */,
				988EFDB52F35489C009C60F5 /* Resources */,
			);
			buildRules = (
			);
			dependencies = (
				988EFDB92F35489C009C60F5 /* PBXTargetDependency */,
			);
			fileSystemSynchronizedGroups = (
				988EFDBA2F35489C009C60F5 /* TheRecruitingCompassTests */,
			);
			name = TheRecruitingCompassTests;
			productName = TheRecruitingCompassTests;
			productReference = 988EFDB72F35489C009C60F5 /* TheRecruitingCompassTests.xctest */;
			productType = "com.apple.product-type.bundle.unit-test";
		};
		988EFDC02F35489C009C60F5 /* TheRecruitingCompassUITests */ = {
			isa = PBXNativeTarget;
			buildConfigurationList = 988EFDD12F35489C009C60F5 /* Build configuration list for PBXNativeTarget "TheRecruitingCompassUITests" */;
			buildPhases = (
				988EFDBD2F35489C009C60F5 /* Sources */,
				988EFDBE2F35489C009C60F5 /* Frameworks */,
				988EFDBF2F35489C009C60F5 /* Resources */,
			);
			buildRules = (
			);
			dependencies = (
				988EFDC32F35489C009C60F5 /* PBXTargetDependency */,
			);
			fileSystemSynchronizedGroups = (
				988EFDC42F35489C009C60F5 /* TheRecruitingCompassUITests */,
			);
			name = TheRecruitingCompassUITests;
			productName = TheRecruitingCompassUITests;
			productReference = 988EFDC12F35489C009C60F5 /* TheRecruitingCompassUITests.xctest */;
			productType = "com.apple.product-type.bundle.ui-testing";
		};
/* End PBXNativeTarget section */

/* Begin PBXProject section */
		988EFDA22F35489B009C60F5 /* Project object */ = {
			isa = PBXProject;
			attributes = {
				BuildIndependentTargetsInParallel = 1;
				LastSwiftUpdateCheck = 2620;
				LastUpgradeCheck = 2630;
				TargetAttributes = {
					988EFDA92F35489B009C60F5 = {
						CreatedOnToolsVersion = 26.2;
					};
					988EFDB62F35489C009C60F5 = {
						CreatedOnToolsVersion = 26.2;
						TestTargetID = 988EFDA92F35489B009C60F5;
					};
					988EFDC02F35489C009C60F5 = {
						CreatedOnToolsVersion = 26.2;
						TestTargetID = 988EFDA92F35489B009C60F5;
					};
				};
			};
			buildConfigurationList = 988EFDA52F35489B009C60F5 /* Build configuration list for PBXProject "TheRecruitingCompass" */;
			developmentRegion = en;
			hasScannedForEncodings = 0;
			knownRegions = (
				en,
				Base,
			);
			mainGroup = 988EFDA12F35489B009C60F5;
			minimizedProjectReferenceProxies = 1;
			packageReferences = (
				988EFDDD2F3549A1009C60F5 /* XCRemoteSwiftPackageReference "supabase-swift" */,
			);
			preferredProjectObjectVersion = 77;
			productRefGroup = 988EFDAB2F35489B009C60F5 /* Products */;
			projectDirPath = "";
			projectRoot = "";
			targets = (
				988EFDA92F35489B009C60F5 /* TheRecruitingCompass */,
				988EFDB62F35489C009C60F5 /* TheRecruitingCompassTests */,
				988EFDC02F35489C009C60F5 /* TheRecruitingCompassUITests */,
			);
		};
/* End PBXProject section */

/* Begin PBXResourcesBuildPhase section */
		988EFDA82F35489B009C60F5 /* Resources */ = {
			isa = PBXResourcesBuildPhase;
			buildActionMask = 2147483647;
			files = (
			);
			runOnlyForDeploymentPostprocessing = 0;
		};
		988EFDB52F35489C009C60F5 /* Resources */ = {
			isa = PBXResourcesBuildPhase;
			buildActionMask = 2147483647;
			files = (
			);
			runOnlyForDeploymentPostprocessing = 0;
		};
		988EFDBF2F35489C009C60F5 /* Resources */ = {
			isa = PBXResourcesBuildPhase;
			buildActionMask = 2147483647;
			files = (
			);
			runOnlyForDeploymentPostprocessing = 0;
		};
/* End PBXResourcesBuildPhase section */

/* Begin PBXShellScriptBuildPhase section */
		98B3C4D22F3A5101009C60F5 /* Generate Supabase config */ = {
			isa = PBXShellScriptBuildPhase;
			alwaysOutOfDate = 1;
			buildActionMask = 2147483647;
			files = (
			);
			inputFileListPaths = (
			);
			inputPaths = (
				"$(SRCROOT)/Release.xcconfig",
			);
			name = "Generate Supabase config";
			outputFileListPaths = (
			);
			outputPaths = (
				"$(SRCROOT)/TheRecruitingCompass/Core/Services/SupabaseConfig.generated.swift",
			);
			runOnlyForDeploymentPostprocessing = 0;
			shellPath = /bin/sh;
			shellScript = "if [ -z \"${SUPABASE_URL}\" ]; then echo \"error: SUPABASE_URL is empty during build. Ensure Release.xcconfig has SUPABASE_URL and SUPABASE_ANON_KEY.\"; exit 1; fi\nif [ -z \"${SUPABASE_ANON_KEY}\" ]; then echo \"error: SUPABASE_ANON_KEY is empty during build.\"; exit 1; fi\nOUT=\"${SRCROOT}/TheRecruitingCompass/Core/Services/SupabaseConfig.generated.swift\"\nURL_ESC=$(printf '%s' \"$SUPABASE_URL\" | sed 's/\\\\/\\\\\\\\/g; s/\"/\\\\\"/g')\nKEY_ESC=$(printf '%s' \"$SUPABASE_ANON_KEY\" | sed 's/\\\\/\\\\\\\\/g; s/\"/\\\\\"/g')\nAPI_ESC=$(printf '%s' \"${API_BASE_URL:-}\" | sed 's/\\\\/\\\\\\\\/g; s/\"/\\\\\"/g')\nprintf 'import Foundation\\n\\n/// Auto-generated at build time from Release.xcconfig. Do not edit manually.\\nenum SupabaseConfigEmbedded {\\n  static let urlString = \"%s\"\\n  static let anonKey = \"%s\"\\n  static let apiBaseURL = \"%s\"\\n}\\n' \"$URL_ESC\" \"$KEY_ESC\" \"$API_ESC\" > \"$OUT\"\necho \"Generated Supabase config: url length=${#SUPABASE_URL}\"\n";
			showEnvVarsInLog = 0;
		};
/* End PBXShellScriptBuildPhase section */

/* Begin PBXSourcesBuildPhase section */
		988EFDA62F35489B009C60F5 /* Sources */ = {
			isa = PBXSourcesBuildPhase;
			buildActionMask = 2147483647;
			files = (
			);
			runOnlyForDeploymentPostprocessing = 0;
		};
		988EFDB32F35489C009C60F5 /* Sources */ = {
			isa = PBXSourcesBuildPhase;
			buildActionMask = 2147483647;
			files = (
			);
			runOnlyForDeploymentPostprocessing = 0;
		};
		988EFDBD2F35489C009C60F5 /* Sources */ = {
			isa = PBXSourcesBuildPhase;
			buildActionMask = 2147483647;
			files = (
			);
			runOnlyForDeploymentPostprocessing = 0;
		};
/* End PBXSourcesBuildPhase section */

/* Begin PBXTargetDependency section */
		988EFDB92F35489C009C60F5 /* PBXTargetDependency */ = {
			isa = PBXTargetDependency;
			target = 988EFDA92F35489B009C60F5 /* TheRecruitingCompass */;
			targetProxy = 988EFDB82F35489C009C60F5 /* PBXContainerItemProxy */;
		};
		988EFDC32F35489C009C60F5 /* PBXTargetDependency */ = {
			isa = PBXTargetDependency;
			target = 988EFDA92F35489B009C60F5 /* TheRecruitingCompass */;
			targetProxy = 988EFDC22F35489C009C60F5 /* PBXContainerItemProxy */;
		};
/* End PBXTargetDependency section */

/* Begin XCBuildConfiguration section */
		988EFDC92F35489C009C60F5 /* Debug */ = {
			isa = XCBuildConfiguration;
			baseConfigurationReference = 98A1B2C32F35489B009C60F5 /* Release.xcconfig */;
			buildSettings = {
				ALWAYS_SEARCH_USER_PATHS = NO;
				ASSETCATALOG_COMPILER_GENERATE_SWIFT_ASSET_SYMBOL_EXTENSIONS = YES;
				CLANG_ANALYZER_NONNULL = YES;
				CLANG_ANALYZER_NUMBER_OBJECT_CONVERSION = YES_AGGRESSIVE;
				CLANG_CXX_LANGUAGE_STANDARD = "gnu++20";
				CLANG_ENABLE_MODULES = YES;
				CLANG_ENABLE_OBJC_ARC = YES;
				CLANG_ENABLE_OBJC_WEAK = YES;
				CLANG_WARN_BLOCK_CAPTURE_AUTORELEASING = YES;
				CLANG_WARN_BOOL_CONVERSION = YES;
				CLANG_WARN_COMMA = YES;
				CLANG_WARN_CONSTANT_CONVERSION = YES;
				CLANG_WARN_DEPRECATED_OBJC_IMPLEMENTATIONS = YES;
				CLANG_WARN_DIRECT_OBJC_ISA_USAGE = YES_ERROR;
				CLANG_WARN_DOCUMENTATION_COMMENTS = YES;
				CLANG_WARN_EMPTY_BODY = YES;
				CLANG_WARN_ENUM_CONVERSION = YES;
				CLANG_WARN_INFINITE_RECURSION = YES;
				CLANG_WARN_INT_CONVERSION = YES;
				CLANG_WARN_NON_LITERAL_NULL_CONVERSION = YES;
				CLANG_WARN_OBJC_IMPLICIT_RETAIN_SELF = YES;
				CLANG_WARN_OBJC_LITERAL_CONVERSION = YES;
				CLANG_WARN_OBJC_ROOT_CLASS = YES_ERROR;
				CLANG_WARN_QUOTED_INCLUDE_IN_FRAMEWORK_HEADER = YES;
				CLANG_WARN_RANGE_LOOP_ANALYSIS = YES;
				CLANG_WARN_STRICT_PROTOTYPES = YES;
				CLANG_WARN_SUSPICIOUS_MOVE = YES;
				CLANG_WARN_UNGUARDED_AVAILABILITY = YES_AGGRESSIVE;
				CLANG_WARN_UNREACHABLE_CODE = YES;
				CLANG_WARN__DUPLICATE_METHOD_MATCH = YES;
				COPY_PHASE_STRIP = NO;
				DEBUG_INFORMATION_FORMAT = dwarf;
				DEVELOPMENT_TEAM = G374A783RH;
				ENABLE_STRICT_OBJC_MSGSEND = YES;
				ENABLE_TESTABILITY = YES;
				ENABLE_USER_SCRIPT_SANDBOXING = YES;
				GCC_C_LANGUAGE_STANDARD = gnu17;
				GCC_DYNAMIC_NO_PIC = NO;
				GCC_NO_COMMON_BLOCKS = YES;
				GCC_OPTIMIZATION_LEVEL = 0;
				GCC_PREPROCESSOR_DEFINITIONS = (
					"DEBUG=1",
					"$(inherited)",
				);
				GCC_WARN_64_TO_32_BIT_CONVERSION = YES;
				GCC_WARN_ABOUT_RETURN_TYPE = YES_ERROR;
				GCC_WARN_UNDECLARED_SELECTOR = YES;
				GCC_WARN_UNINITIALIZED_AUTOS = YES_AGGRESSIVE;
				GCC_WARN_UNUSED_FUNCTION = YES;
				GCC_WARN_UNUSED_VARIABLE = YES;
				IPHONEOS_DEPLOYMENT_TARGET = 18.0;
				LOCALIZATION_PREFERS_STRING_CATALOGS = YES;
				MTL_ENABLE_DEBUG_INFO = INCLUDE_SOURCE;
				MTL_FAST_MATH = YES;
				ONLY_ACTIVE_ARCH = YES;
				SDKROOT = iphoneos;
				STRING_CATALOG_GENERATE_SYMBOLS = YES;
				SUPABASE_URL = "https://xpxzhqghxecsjhvklsqg.supabase.co";
				SWIFT_ACTIVE_COMPILATION_CONDITIONS = "DEBUG $(inherited)";
				SWIFT_OPTIMIZATION_LEVEL = "-Onone";
			};
			name = Debug;
		};
		988EFDCA2F35489C009C60F5 /* Release */ = {
			isa = XCBuildConfiguration;
			baseConfigurationReference = 98A1B2C32F35489B009C60F5 /* Release.xcconfig */;
			buildSettings = {
				ALWAYS_SEARCH_USER_PATHS = NO;
				ASSETCATALOG_COMPILER_GENERATE_SWIFT_ASSET_SYMBOL_EXTENSIONS = YES;
				CLANG_ANALYZER_NONNULL = YES;
				CLANG_ANALYZER_NUMBER_OBJECT_CONVERSION = YES_AGGRESSIVE;
				CLANG_CXX_LANGUAGE_STANDARD = "gnu++20";
				CLANG_ENABLE_MODULES = YES;
				CLANG_ENABLE_OBJC_ARC = YES;
				CLANG_ENABLE_OBJC_WEAK = YES;
				CLANG_WARN_BLOCK_CAPTURE_AUTORELEASING = YES;
				CLANG_WARN_BOOL_CONVERSION = YES;
				CLANG_WARN_COMMA = YES;
				CLANG_WARN_CONSTANT_CONVERSION = YES;
				CLANG_WARN_DEPRECATED_OBJC_IMPLEMENTATIONS = YES;
				CLANG_WARN_DIRECT_OBJC_ISA_USAGE = YES_ERROR;
				CLANG_WARN_DOCUMENTATION_COMMENTS = YES;
				CLANG_WARN_EMPTY_BODY = YES;
				CLANG_WARN_ENUM_CONVERSION = YES;
				CLANG_WARN_INFINITE_RECURSION = YES;
				CLANG_WARN_INT_CONVERSION = YES;
				CLANG_WARN_NON_LITERAL_NULL_CONVERSION = YES;
				CLANG_WARN_OBJC_IMPLICIT_RETAIN_SELF = YES;
				CLANG_WARN_OBJC_LITERAL_CONVERSION = YES;
				CLANG_WARN_OBJC_ROOT_CLASS = YES_ERROR;
				CLANG_WARN_QUOTED_INCLUDE_IN_FRAMEWORK_HEADER = YES;
				CLANG_WARN_RANGE_LOOP_ANALYSIS = YES;
				CLANG_WARN_STRICT_PROTOTYPES = YES;
				CLANG_WARN_SUSPICIOUS_MOVE = YES;
				CLANG_WARN_UNGUARDED_AVAILABILITY = YES_AGGRESSIVE;
				CLANG_WARN_UNREACHABLE_CODE = YES;
				CLANG_WARN__DUPLICATE_METHOD_MATCH = YES;
				COPY_PHASE_STRIP = NO;
				DEBUG_INFORMATION_FORMAT = "dwarf-with-dsym";
				DEVELOPMENT_TEAM = G374A783RH;
				ENABLE_NS_ASSERTIONS = NO;
				ENABLE_STRICT_OBJC_MSGSEND = YES;
				ENABLE_USER_SCRIPT_SANDBOXING = YES;
				GCC_C_LANGUAGE_STANDARD = gnu17;
				GCC_NO_COMMON_BLOCKS = YES;
				GCC_WARN_64_TO_32_BIT_CONVERSION = YES;
				GCC_WARN_ABOUT_RETURN_TYPE = YES_ERROR;
				GCC_WARN_UNDECLARED_SELECTOR = YES;
				GCC_WARN_UNINITIALIZED_AUTOS = YES_AGGRESSIVE;
				GCC_WARN_UNUSED_FUNCTION = YES;
				GCC_WARN_UNUSED_VARIABLE = YES;
				IPHONEOS_DEPLOYMENT_TARGET = 18.0;
				LOCALIZATION_PREFERS_STRING_CATALOGS = YES;
				MTL_ENABLE_DEBUG_INFO = NO;
				MTL_FAST_MATH = YES;
				SDKROOT = iphoneos;
				STRING_CATALOG_GENERATE_SYMBOLS = YES;
				SUPABASE_URL = "https://xpxzhqghxecsjhvklsqg.supabase.co";
				SWIFT_COMPILATION_MODE = wholemodule;
				VALIDATE_PRODUCT = YES;
			};
			name = Release;
		};
		988EFDCC2F35489C009C60F5 /* Debug */ = {
			isa = XCBuildConfiguration;
			buildSettings = {
				ASSETCATALOG_COMPILER_APPICON_NAME = AppIcon;
				ASSETCATALOG_COMPILER_GLOBAL_ACCENT_COLOR_NAME = AccentColor;
				CODE_SIGN_ENTITLEMENTS = TheRecruitingCompass/TheRecruitingCompass.entitlements;
				CODE_SIGN_STYLE = Automatic;
				CURRENT_PROJECT_VERSION = 1;
				DEVELOPMENT_TEAM = G374A783RH;
				ENABLE_PREVIEWS = YES;
				ENABLE_USER_SCRIPT_SANDBOXING = NO;
				GENERATE_INFOPLIST_FILE = YES;
				INFOPLIST_FILE = Config/Info.plist;
				INFOPLIST_KEY_ITSAppUsesNonExemptEncryption = NO;
				INFOPLIST_KEY_NSFaceIDUsageDescription = "Sign in quickly and securely with Face ID";
				INFOPLIST_KEY_NSLocationWhenInUseUsageDescription = "Your current location is used to quickly set your Home Location in settings.";
				INFOPLIST_KEY_SUPABASE_ANON_KEY = "$(SUPABASE_ANON_KEY)";
				INFOPLIST_KEY_SUPABASE_URL = "$(SUPABASE_URL)";
				INFOPLIST_KEY_UIApplicationSceneManifest_Generation = YES;
				INFOPLIST_KEY_UIApplicationSupportsIndirectInputEvents = YES;
				INFOPLIST_KEY_UILaunchScreen_Generation = YES;
				INFOPLIST_KEY_UISupportedInterfaceOrientations_iPad = "UIInterfaceOrientationPortrait UIInterfaceOrientationPortraitUpsideDown UIInterfaceOrientationLandscapeLeft UIInterfaceOrientationLandscapeRight";
				INFOPLIST_KEY_UISupportedInterfaceOrientations_iPhone = "UIInterfaceOrientationPortrait UIInterfaceOrientationLandscapeLeft UIInterfaceOrientationLandscapeRight";
				LD_RUNPATH_SEARCH_PATHS = (
					"$(inherited)",
					"@executable_path/Frameworks",
				);
				MARKETING_VERSION = 1.0;
				PRODUCT_BUNDLE_IDENTIFIER = com.chrisandrikanich.TheRecruitingCompass;
				PRODUCT_MODULE_NAME = TheRecruitingCompass;
				PRODUCT_NAME = myCompass;
				STRING_CATALOG_GENERATE_SYMBOLS = YES;
				SWIFT_EMIT_LOC_STRINGS = YES;
				SWIFT_UPCOMING_FEATURE_MEMBER_IMPORT_VISIBILITY = YES;
				SWIFT_VERSION = 5.0;
				TARGETED_DEVICE_FAMILY = 1;
			};
			name = Debug;
		};
		988EFDCD2F35489C009C60F5 /* Release */ = {
			isa = XCBuildConfiguration;
			buildSettings = {
				ASSETCATALOG_COMPILER_APPICON_NAME = AppIcon;
				ASSETCATALOG_COMPILER_GLOBAL_ACCENT_COLOR_NAME = AccentColor;
				CODE_SIGN_ENTITLEMENTS = TheRecruitingCompass/TheRecruitingCompass.entitlements;
				CODE_SIGN_STYLE = Automatic;
				CURRENT_PROJECT_VERSION = 1;
				DEVELOPMENT_TEAM = G374A783RH;
				ENABLE_PREVIEWS = YES;
				ENABLE_USER_SCRIPT_SANDBOXING = NO;
				GENERATE_INFOPLIST_FILE = YES;
				INFOPLIST_FILE = "Config/Info-Release.plist";
				INFOPLIST_KEY_ITSAppUsesNonExemptEncryption = NO;
				INFOPLIST_KEY_NSFaceIDUsageDescription = "Sign in quickly and securely with Face ID";
				INFOPLIST_KEY_NSLocationWhenInUseUsageDescription = "Your current location is used to quickly set your Home Location in settings.";
				INFOPLIST_KEY_SUPABASE_ANON_KEY = "$(SUPABASE_ANON_KEY)";
				INFOPLIST_KEY_SUPABASE_URL = "$(SUPABASE_URL)";
				INFOPLIST_KEY_UIApplicationSceneManifest_Generation = YES;
				INFOPLIST_KEY_UIApplicationSupportsIndirectInputEvents = YES;
				INFOPLIST_KEY_UILaunchScreen_Generation = YES;
				INFOPLIST_KEY_UISupportedInterfaceOrientations_iPad = "UIInterfaceOrientationPortrait UIInterfaceOrientationPortraitUpsideDown UIInterfaceOrientationLandscapeLeft UIInterfaceOrientationLandscapeRight";
				INFOPLIST_KEY_UISupportedInterfaceOrientations_iPhone = "UIInterfaceOrientationPortrait UIInterfaceOrientationLandscapeLeft UIInterfaceOrientationLandscapeRight";
				LD_RUNPATH_SEARCH_PATHS = (
					"$(inherited)",
					"@executable_path/Frameworks",
				);
				MARKETING_VERSION = 1.0;
				PRODUCT_BUNDLE_IDENTIFIER = com.chrisandrikanich.TheRecruitingCompass;
				PRODUCT_MODULE_NAME = TheRecruitingCompass;
				PRODUCT_NAME = myCompass;
				STRING_CATALOG_GENERATE_SYMBOLS = YES;
				SWIFT_EMIT_LOC_STRINGS = YES;
				SWIFT_UPCOMING_FEATURE_MEMBER_IMPORT_VISIBILITY = YES;
				SWIFT_VERSION = 5.0;
				TARGETED_DEVICE_FAMILY = 1;
			};
			name = Release;
		};
		988EFDCF2F35489C009C60F5 /* Debug */ = {
			isa = XCBuildConfiguration;
			buildSettings = {
				BUNDLE_LOADER = "$(TEST_HOST)";
				CODE_SIGN_STYLE = Automatic;
				CURRENT_PROJECT_VERSION = 1;
				DEVELOPMENT_TEAM = G374A783RH;
				GENERATE_INFOPLIST_FILE = YES;
				IPHONEOS_DEPLOYMENT_TARGET = 18.0;
				MARKETING_VERSION = 1.0;
				PRODUCT_BUNDLE_IDENTIFIER = com.chrisandrikanich.TheRecruitingCompassTests;
				PRODUCT_NAME = "$(TARGET_NAME)";
				STRING_CATALOG_GENERATE_SYMBOLS = NO;
				SWIFT_EMIT_LOC_STRINGS = NO;
				SWIFT_UPCOMING_FEATURE_MEMBER_IMPORT_VISIBILITY = YES;
				SWIFT_VERSION = 5.0;
				TARGETED_DEVICE_FAMILY = 1;
				TEST_HOST = "$(BUILT_PRODUCTS_DIR)/myCompass.app/$(BUNDLE_EXECUTABLE_FOLDER_PATH)/myCompass";
			};
			name = Debug;
		};
		988EFDD02F35489C009C60F5 /* Release */ = {
			isa = XCBuildConfiguration;
			buildSettings = {
				BUNDLE_LOADER = "$(TEST_HOST)";
				CODE_SIGN_STYLE = Automatic;
				CURRENT_PROJECT_VERSION = 1;
				DEVELOPMENT_TEAM = G374A783RH;
				GENERATE_INFOPLIST_FILE = YES;
				IPHONEOS_DEPLOYMENT_TARGET = 18.0;
				MARKETING_VERSION = 1.0;
				PRODUCT_BUNDLE_IDENTIFIER = com.chrisandrikanich.TheRecruitingCompassTests;
				PRODUCT_NAME = "$(TARGET_NAME)";
				STRING_CATALOG_GENERATE_SYMBOLS = NO;
				SWIFT_EMIT_LOC_STRINGS = NO;
				SWIFT_UPCOMING_FEATURE_MEMBER_IMPORT_VISIBILITY = YES;
				SWIFT_VERSION = 5.0;
				TARGETED_DEVICE_FAMILY = 1;
				TEST_HOST = "$(BUILT_PRODUCTS_DIR)/myCompass.app/$(BUNDLE_EXECUTABLE_FOLDER_PATH)/myCompass";
			};
			name = Release;
		};
		988EFDD22F35489C009C60F5 /* Debug */ = {
			isa = XCBuildConfiguration;
			buildSettings = {
				CODE_SIGN_STYLE = Automatic;
				CURRENT_PROJECT_VERSION = 1;
				DEVELOPMENT_TEAM = G374A783RH;
				GENERATE_INFOPLIST_FILE = YES;
				MARKETING_VERSION = 1.0;
				PRODUCT_BUNDLE_IDENTIFIER = com.chrisandrikanich.TheRecruitingCompassUITests;
				PRODUCT_NAME = "$(TARGET_NAME)";
				STRING_CATALOG_GENERATE_SYMBOLS = NO;
				SWIFT_EMIT_LOC_STRINGS = NO;
				SWIFT_UPCOMING_FEATURE_MEMBER_IMPORT_VISIBILITY = YES;
				SWIFT_VERSION = 5.0;
				TARGETED_DEVICE_FAMILY = 1;
				TEST_TARGET_NAME = TheRecruitingCompass;
			};
			name = Debug;
		};
		988EFDD32F35489C009C60F5 /* Release */ = {
			isa = XCBuildConfiguration;
			buildSettings = {
				CODE_SIGN_STYLE = Automatic;
				CURRENT_PROJECT_VERSION = 1;
				DEVELOPMENT_TEAM = G374A783RH;
				GENERATE_INFOPLIST_FILE = YES;
				MARKETING_VERSION = 1.0;
				PRODUCT_BUNDLE_IDENTIFIER = com.chrisandrikanich.TheRecruitingCompassUITests;
				PRODUCT_NAME = "$(TARGET_NAME)";
				STRING_CATALOG_GENERATE_SYMBOLS = NO;
				SWIFT_EMIT_LOC_STRINGS = NO;
				SWIFT_UPCOMING_FEATURE_MEMBER_IMPORT_VISIBILITY = YES;
				SWIFT_VERSION = 5.0;
				TARGETED_DEVICE_FAMILY = 1;
				TEST_TARGET_NAME = TheRecruitingCompass;
			};
			name = Release;
		};
/* End XCBuildConfiguration section */

/* Begin XCConfigurationList section */
		988EFDA52F35489B009C60F5 /* Build configuration list for PBXProject "TheRecruitingCompass" */ = {
			isa = XCConfigurationList;
			buildConfigurations = (
				988EFDC92F35489C009C60F5 /* Debug */,
				988EFDCA2F35489C009C60F5 /* Release */,
			);
			defaultConfigurationIsVisible = 0;
			defaultConfigurationName = Release;
		};
		988EFDCB2F35489C009C60F5 /* Build configuration list for PBXNativeTarget "TheRecruitingCompass" */ = {
			isa = XCConfigurationList;
			buildConfigurations = (
				988EFDCC2F35489C009C60F5 /* Debug */,
				988EFDCD2F35489C009C60F5 /* Release */,
			);
			defaultConfigurationIsVisible = 0;
			defaultConfigurationName = Release;
		};
		988EFDCE2F35489C009C60F5 /* Build configuration list for PBXNativeTarget "TheRecruitingCompassTests" */ = {
			isa = XCConfigurationList;
			buildConfigurations = (
				988EFDCF2F35489C009C60F5 /* Debug */,
				988EFDD02F35489C009C60F5 /* Release */,
			);
			defaultConfigurationIsVisible = 0;
			defaultConfigurationName = Release;
		};
		988EFDD12F35489C009C60F5 /* Build configuration list for PBXNativeTarget "TheRecruitingCompassUITests" */ = {
			isa = XCConfigurationList;
			buildConfigurations = (
				988EFDD22F35489C009C60F5 /* Debug */,
				988EFDD32F35489C009C60F5 /* Release */,
			);
			defaultConfigurationIsVisible = 0;
			defaultConfigurationName = Release;
		};
/* End XCConfigurationList section */

/* Begin XCRemoteSwiftPackageReference section */
		988EFDDD2F3549A1009C60F5 /* XCRemoteSwiftPackageReference "supabase-swift" */ = {
			isa = XCRemoteSwiftPackageReference;
			repositoryURL = "https://github.com/supabase/supabase-swift.git";
			requirement = {
				kind = upToNextMajorVersion;
				minimumVersion = 2.0.0;
			};
		};
/* End XCRemoteSwiftPackageReference section */

/* Begin XCSwiftPackageProductDependency section */
		988EFDDE2F3549A1009C60F5 /* Supabase */ = {
			isa = XCSwiftPackageProductDependency;
			package = 988EFDDD2F3549A1009C60F5 /* XCRemoteSwiftPackageReference "supabase-swift" */;
			productName = Supabase;
		};
		98AA1B5F2F3C1746000E4755 /* Supabase */ = {
			isa = XCSwiftPackageProductDependency;
			package = 988EFDDD2F3549A1009C60F5 /* XCRemoteSwiftPackageReference "supabase-swift" */;
			productName = Supabase;
		};
/* End XCSwiftPackageProductDependency section */
	};
	rootObject = 988EFDA22F35489B009C60F5 /* Project object */;
}
